
Microsoft Visual Studio Solution File, Format Version 12.00
# Visual Studio Version 17
VisualStudioVersion = 17.0.32112.339
MinimumVisualStudioVersion = 10.0.40219.1
Project("{9A19103F-16F7-4668-BE54-9A1E7A4F7556}") = "MinimalAPI_Dapper", "MinimalAPI_Dapper.csproj", "{5552B0B0-4C8C-46FC-AD5F-667ACCCC6E04}"
EndProject
Project("{00D1A9C2-B5F0-4AF3-8072-F6C62B433612}") = "UserDB", "..\UserDB\UserDB.sqlproj", "{4C18EE69-7740-4801-9E42-31F1B47FCA9F}"
EndProject
Project("{FAE04EC0-301F-11D3-BF4B-00C04F79EFBC}") = "DataAccess", "..\DataAccess\DataAccess.csproj", "{CF11EA30-B638-4605-8F48-9DEAF9019A58}"
EndProject
Global
	GlobalSection(SolutionConfigurationPlatforms) = preSolution
		Debug|Any CPU = Debug|Any CPU
		Release|Any CPU = Release|Any CPU
	EndGlobalSection
	GlobalSection(ProjectConfigurationPlatforms) = postSolution
		{5552B0B0-4C8C-46FC-AD5F-667ACCCC6E04}.Debug|Any CPU.ActiveCfg = Debug|Any CPU
		{5552B0B0-4C8C-46FC-AD5F-667ACCCC6E04}.Debug|Any CPU.Build.0 = Debug|Any CPU
		{5552B0B0-4C8C-46FC-AD5F-667ACCCC6E04}.Release|Any CPU.ActiveCfg = Release|Any CPU
		{5552B0B0-4C8C-46FC-AD5F-667ACCCC6E04}.Release|Any CPU.Build.0 = Release|Any CPU
		{4C18EE69-7740-4801-9E42-31F1B47FCA9F}.Debug|Any CPU.ActiveCfg = Debug|Any CPU
		{4C18EE69-7740-4801-9E42-31F1B47FCA9F}.Debug|Any CPU.Build.0 = Debug|Any CPU
		{4C18EE69-7740-4801-9E42-31F1B47FCA9F}.Debug|Any CPU.Deploy.0 = Debug|Any CPU
		{4C18EE69-7740-4801-9E42-31F1B47FCA9F}.Release|Any CPU.ActiveCfg = Release|Any CPU
		{4C18EE69-7740-4801-9E42-31F1B47FCA9F}.Release|Any CPU.Build.0 = Release|Any CPU
		{4C18EE69-7740-4801-9E42-31F1B47FCA9F}.Release|Any CPU.Deploy.0 = Release|Any CPU
		{CF11EA30-B638-4605-8F48-9DEAF9019A58}.Debug|Any CPU.ActiveCfg = Debug|Any CPU
		{CF11EA30-B638-4605-8F48-9DEAF9019A58}.Debug|Any CPU.Build.0 = Debug|Any CPU
		{CF11EA30-B638-4605-8F48-9DEAF9019A58}.Release|Any CPU.ActiveCfg = Release|Any CPU
		{CF11EA30-B638-4605-8F48-9DEAF9019A58}.Release|Any CPU.Build.0 = Release|Any CPU
	EndGlobalSection
	GlobalSection(SolutionProperties) = preSolution
		HideSolutionNode = FALSE
	EndGlobalSection
	GlobalSection(ExtensibilityGlobals) = postSolution
		SolutionGuid = {3ED3AB4A-811C-4232-AF4B-02DFA7CA5F6B}
	EndGlobalSection
EndGlobal
